
Microsoft Visual Studio Solution File, Format Version 12.00
# Visual Studio 15
VisualStudioVersion = 15.0.28307.1000
MinimumVisualStudioVersion = 10.0.40219.1
Project("{FAE04EC0-301F-11D3-BF4B-00C04F79EFBC}") = "FileTest", "FileTest\FileTest.csproj", "{6B4BEE90-D56B-4A83-9DBC-675EB1FE1701}"
EndProject
Global
	GlobalSection(SolutionConfigurationPlatforms) = preSolution
		Debug|Any CPU = Debug|Any CPU
		Release|Any CPU = Release|Any CPU
	EndGlobalSection
	GlobalSection(ProjectConfigurationPlatforms) = postSolution
		{6B4BEE90-D56B-4A83-9DBC-675EB1FE1701}.Debug|Any CPU.ActiveCfg = Debug|Any CPU
		{6B4BEE90-D56B-4A83-9DBC-675EB1FE1701}.Debug|Any CPU.Build.0 = Debug|Any CPU
		{6B4BEE90-D56B-4A83-9DBC-675EB1FE1701}.Release|Any CPU.ActiveCfg = Release|Any CPU
		{6B4BEE90-D56B-4A83-9DBC-675EB1FE1701}.Release|Any CPU.Build.0 = Release|Any CPU
	EndGlobalSection
	GlobalSection(SolutionProperties) = preSolution
		HideSolutionNode = FALSE
	EndGlobalSection
	GlobalSection(ExtensibilityGlobals) = postSolution
		SolutionGuid = {9CF9C512-9F15-4D49-8B7F-3FE4DFB2F3C1}
	EndGlobalSection
EndGlobal
