
Microsoft Visual Studio Solution File, Format Version 12.00
# Visual Studio 15
VisualStudioVersion = 15.0.28307.1000
MinimumVisualStudioVersion = 10.0.40219.1
Project("{FAE04EC0-301F-11D3-BF4B-00C04F79EFBC}") = "BeginProgramma", "BeginProgramma\BeginProgramma.csproj", "{1084509B-B98A-4E77-B949-16063D16DB4E}"
EndProject
Global
	GlobalSection(SolutionConfigurationPlatforms) = preSolution
		Debug|Any CPU = Debug|Any CPU
		Release|Any CPU = Release|Any CPU
	EndGlobalSection
	GlobalSection(ProjectConfigurationPlatforms) = postSolution
		{1084509B-B98A-4E77-B949-16063D16DB4E}.Debug|Any CPU.ActiveCfg = Debug|Any CPU
		{1084509B-B98A-4E77-B949-16063D16DB4E}.Debug|Any CPU.Build.0 = Debug|Any CPU
		{1084509B-B98A-4E77-B949-16063D16DB4E}.Release|Any CPU.ActiveCfg = Release|Any CPU
		{1084509B-B98A-4E77-B949-16063D16DB4E}.Release|Any CPU.Build.0 = Release|Any CPU
	EndGlobalSection
	GlobalSection(SolutionProperties) = preSolution
		HideSolutionNode = FALSE
	EndGlobalSection
	GlobalSection(ExtensibilityGlobals) = postSolution
		SolutionGuid = {6C8699F3-8D30-4EFE-9CDB-4B1FB0A39958}
	EndGlobalSection
EndGlobal
