
Microsoft Visual Studio Solution File, Format Version 12.00
# Visual Studio 15
VisualStudioVersion = 15.0.28307.1000
MinimumVisualStudioVersion = 10.0.40219.1
Project("{FAE04EC0-301F-11D3-BF4B-00C04F79EFBC}") = "TestProgramma", "TestProgramma\TestProgramma.csproj", "{F9118690-5429-4089-B4C0-EC69BB609E3D}"
EndProject
Global
	GlobalSection(SolutionConfigurationPlatforms) = preSolution
		Debug|Any CPU = Debug|Any CPU
		Release|Any CPU = Release|Any CPU
	EndGlobalSection
	GlobalSection(ProjectConfigurationPlatforms) = postSolution
		{F9118690-5429-4089-B4C0-EC69BB609E3D}.Debug|Any CPU.ActiveCfg = Debug|Any CPU
		{F9118690-5429-4089-B4C0-EC69BB609E3D}.Debug|Any CPU.Build.0 = Debug|Any CPU
		{F9118690-5429-4089-B4C0-EC69BB609E3D}.Release|Any CPU.ActiveCfg = Release|Any CPU
		{F9118690-5429-4089-B4C0-EC69BB609E3D}.Release|Any CPU.Build.0 = Release|Any CPU
	EndGlobalSection
	GlobalSection(SolutionProperties) = preSolution
		HideSolutionNode = FALSE
	EndGlobalSection
	GlobalSection(ExtensibilityGlobals) = postSolution
		SolutionGuid = {61C53BFA-F90D-48D0-A5A2-387922A98D75}
	EndGlobalSection
EndGlobal
